// !$*UTF8*$!
{
	archiveVersion = 1;
	classes = {
	};
	objectVersion = 46;
	objects = {

/* Begin PBXBuildFile section */
		6C51A9F81D3CC1F3006EF254 /* AppDelegate.swift in Sources */ = {isa = PBXBuildFile; fileRef = 6C51A9F71D3CC1F3006EF254 /* AppDelegate.swift */; };
		6C51A9FA1D3CC1F3006EF254 /* ViewController.swift in Sources */ = {isa = PBXBuildFile; fileRef = 6C51A9F91D3CC1F3006EF254 /* ViewController.swift */; };
		6C51A9FD1D3CC1F3006EF254 /* Main.storyboard in Resources */ = {isa = PBXBuildFile; fileRef = 6C51A9FB1D3CC1F3006EF254 /* Main.storyboard */; };
		6C51A9FF1D3CC1F3006EF254 /* Assets.xcassets in Resources */ = {isa = PBXBuildFile; fileRef = 6C51A9FE1D3CC1F3006EF254 /* Assets.xcassets */; };
		6C51AA021D3CC1F3006EF254 /* LaunchScreen.storyboard in Resources */ = {isa = PBXBuildFile; fileRef = 6C51AA001D3CC1F3006EF254 /* LaunchScreen.storyboard */; };
		6C51AA0D1D3CC1F3006EF254 /* LLRefrshTests.swift in Sources */ = {isa = PBXBuildFile; fileRef = 6C51AA0C1D3CC1F3006EF254 /* LLRefrshTests.swift */; };
		6C6692191DF15C90008E2988 /* LLRefreshHeader.swift in Sources */ = {isa = PBXBuildFile; fileRef = 6C6692171DF15C90008E2988 /* LLRefreshHeader.swift */; };
		6C66921C1DF15D09008E2988 /* UIView+LLExtension.swift in Sources */ = {isa = PBXBuildFile; fileRef = 6C66921B1DF15D09008E2988 /* UIView+LLExtension.swift */; };
		6C66921E1DF15D5B008E2988 /* UIScrollView+LLExtension.swift in Sources */ = {isa = PBXBuildFile; fileRef = 6C66921D1DF15D5B008E2988 /* UIScrollView+LLExtension.swift */; };
		6C6692201DF15D96008E2988 /* LLBaseRefreshHeader.swift in Sources */ = {isa = PBXBuildFile; fileRef = 6C66921F1DF15D96008E2988 /* LLBaseRefreshHeader.swift */; };
		6C6692261DF18683008E2988 /* LLRefreshStateHeader.swift in Sources */ = {isa = PBXBuildFile; fileRef = 6C6692251DF18683008E2988 /* LLRefreshStateHeader.swift */; };
/* End PBXBuildFile section */

/* Begin PBXContainerItemProxy section */
		6C51AA091D3CC1F3006EF254 /* PBXContainerItemProxy */ = {
			isa = PBXContainerItemProxy;
			containerPortal = 6C51A9EC1D3CC1F3006EF254 /* Project object */;
			proxyType = 1;
			remoteGlobalIDString = 6C51A9F31D3CC1F3006EF254;
			remoteInfo = LLRefrsh;
		};
/* End PBXContainerItemProxy section */

/* Begin PBXFileReference section */
		6C51A9F41D3CC1F3006EF254 /* LLRefrsh.app */ = {isa = PBXFileReference; explicitFileType = wrapper.application; includeInIndex = 0; path = LLRefrsh.app; sourceTree = BUILT_PRODUCTS_DIR; };
		6C51A9F71D3CC1F3006EF254 /* AppDelegate.swift */ = {isa = PBXFileReference; lastKnownFileType = sourcecode.swift; path = AppDelegate.swift; sourceTree = "<group>"; };
		6C51A9F91D3CC1F3006EF254 /* ViewController.swift */ = {isa = PBXFileReference; lastKnownFileType = sourcecode.swift; path = ViewController.swift; sourceTree = "<group>"; };
		6C51A9FC1D3CC1F3006EF254 /* Base */ = {isa = PBXFileReference; lastKnownFileType = file.storyboard; name = Base; path = Base.lproj/Main.storyboard; sourceTree = "<group>"; };
		6C51A9FE1D3CC1F3006EF254 /* Assets.xcassets */ = {isa = PBXFileReference; lastKnownFileType = folder.assetcatalog; path = Assets.xcassets; sourceTree = "<group>"; };
		6C51AA011D3CC1F3006EF254 /* Base */ = {isa = PBXFileReference; lastKnownFileType = file.storyboard; name = Base; path = Base.lproj/LaunchScreen.storyboard; sourceTree = "<group>"; };
		6C51AA031D3CC1F3006EF254 /* Info.plist */ = {isa = PBXFileReference; lastKnownFileType = text.plist.xml; path = Info.plist; sourceTree = "<group>"; };
		6C51AA081D3CC1F3006EF254 /* LLRefrshTests.xctest */ = {isa = PBXFileReference; explicitFileType = wrapper.cfbundle; includeInIndex = 0; path = LLRefrshTests.xctest; sourceTree = BUILT_PRODUCTS_DIR; };
		6C51AA0C1D3CC1F3006EF254 /* LLRefrshTests.swift */ = {isa = PBXFileReference; lastKnownFileType = sourcecode.swift; path = LLRefrshTests.swift; sourceTree = "<group>"; };
		6C51AA0E1D3CC1F3006EF254 /* Info.plist */ = {isa = PBXFileReference; lastKnownFileType = text.plist.xml; path = Info.plist; sourceTree = "<group>"; };
		6C6692171DF15C90008E2988 /* LLRefreshHeader.swift */ = {isa = PBXFileReference; fileEncoding = 4; lastKnownFileType = sourcecode.swift; path = LLRefreshHeader.swift; sourceTree = "<group>"; };
		6C66921B1DF15D09008E2988 /* UIView+LLExtension.swift */ = {isa = PBXFileReference; fileEncoding = 4; lastKnownFileType = sourcecode.swift; path = "UIView+LLExtension.swift"; sourceTree = "<group>"; };
		6C66921D1DF15D5B008E2988 /* UIScrollView+LLExtension.swift */ = {isa = PBXFileReference; fileEncoding = 4; lastKnownFileType = sourcecode.swift; path = "UIScrollView+LLExtension.swift"; sourceTree = "<group>"; };
		6C66921F1DF15D96008E2988 /* LLBaseRefreshHeader.swift */ = {isa = PBXFileReference; fileEncoding = 4; lastKnownFileType = sourcecode.swift; path = LLBaseRefreshHeader.swift; sourceTree = "<group>"; };
		6C6692251DF18683008E2988 /* LLRefreshStateHeader.swift */ = {isa = PBXFileReference; fileEncoding = 4; lastKnownFileType = sourcecode.swift; path = LLRefreshStateHeader.swift; sourceTree = "<group>"; };
/* End PBXFileReference section */

/* Begin PBXFrameworksBuildPhase section */
		6C51A9F11D3CC1F3006EF254 /* Frameworks */ = {
			isa = PBXFrameworksBuildPhase;
			buildActionMask = 2147483647;
			files = (
			);
			runOnlyForDeploymentPostprocessing = 0;
		};
		6C51AA051D3CC1F3006EF254 /* Frameworks */ = {
			isa = PBXFrameworksBuildPhase;
			buildActionMask = 2147483647;
			files = (
			);
			runOnlyForDeploymentPostprocessing = 0;
		};
/* End PBXFrameworksBuildPhase section */

/* Begin PBXGroup section */
		6C51A9EB1D3CC1F3006EF254 = {
			isa = PBXGroup;
			children = (
				6C51A9F61D3CC1F3006EF254 /* LLRefrsh */,
				6C51AA0B1D3CC1F3006EF254 /* LLRefrshTests */,
				6C51A9F51D3CC1F3006EF254 /* Products */,
			);
			sourceTree = "<group>";
		};
		6C51A9F51D3CC1F3006EF254 /* Products */ = {
			isa = PBXGroup;
			children = (
				6C51A9F41D3CC1F3006EF254 /* LLRefrsh.app */,
				6C51AA081D3CC1F3006EF254 /* LLRefrshTests.xctest */,
			);
			name = Products;
			sourceTree = "<group>";
		};
		6C51A9F61D3CC1F3006EF254 /* LLRefrsh */ = {
			isa = PBXGroup;
			children = (
				6C51AA171D3CC21A006EF254 /* LLRefresh */,
				6C51A9F71D3CC1F3006EF254 /* AppDelegate.swift */,
				6C51A9F91D3CC1F3006EF254 /* ViewController.swift */,
				6C51A9FB1D3CC1F3006EF254 /* Main.storyboard */,
				6C51A9FE1D3CC1F3006EF254 /* Assets.xcassets */,
				6C51AA001D3CC1F3006EF254 /* LaunchScreen.storyboard */,
				6C51AA031D3CC1F3006EF254 /* Info.plist */,
			);
			path = LLRefrsh;
			sourceTree = "<group>";
		};
		6C51AA0B1D3CC1F3006EF254 /* LLRefrshTests */ = {
			isa = PBXGroup;
			children = (
				6C51AA0C1D3CC1F3006EF254 /* LLRefrshTests.swift */,
				6C51AA0E1D3CC1F3006EF254 /* Info.plist */,
			);
			path = LLRefrshTests;
			sourceTree = "<group>";
		};
		6C51AA171D3CC21A006EF254 /* LLRefresh */ = {
			isa = PBXGroup;
			children = (
				6C5CEB681DE6C72800B91703 /* Extension */,
				6C6692151DF15C90008E2988 /* Base */,
				6C66921A1DF15CA7008E2988 /* Custom */,
			);
			path = LLRefresh;
			sourceTree = "<group>";
		};
		6C5CEB681DE6C72800B91703 /* Extension */ = {
			isa = PBXGroup;
			children = (
				6C66921B1DF15D09008E2988 /* UIView+LLExtension.swift */,
				6C66921D1DF15D5B008E2988 /* UIScrollView+LLExtension.swift */,
			);
			path = Extension;
			sourceTree = "<group>";
		};
		6C6692151DF15C90008E2988 /* Base */ = {
			isa = PBXGroup;
			children = (
				6C66921F1DF15D96008E2988 /* LLBaseRefreshHeader.swift */,
				6C6692171DF15C90008E2988 /* LLRefreshHeader.swift */,
			);
			path = Base;
			sourceTree = "<group>";
		};
		6C66921A1DF15CA7008E2988 /* Custom */ = {
			isa = PBXGroup;
			children = (
				6C6692251DF18683008E2988 /* LLRefreshStateHeader.swift */,
			);
			path = Custom;
			sourceTree = "<group>";
		};
/* End PBXGroup section */

/* Begin PBXNativeTarget section */
		6C51A9F31D3CC1F3006EF254 /* LLRefrsh */ = {
			isa = PBXNativeTarget;
			buildConfigurationList = 6C51AA111D3CC1F3006EF254 /* Build configuration list for PBXNativeTarget "LLRefrsh" */;
			buildPhases = (
				6C51A9F01D3CC1F3006EF254 /* Sources */,
				6C51A9F11D3CC1F3006EF254 /* Frameworks */,
				6C51A9F21D3CC1F3006EF254 /* Resources */,
			);
			buildRules = (
			);
			dependencies = (
			);
			name = LLRefrsh;
			productName = LLRefrsh;
			productReference = 6C51A9F41D3CC1F3006EF254 /* LLRefrsh.app */;
			productType = "com.apple.product-type.application";
		};
		6C51AA071D3CC1F3006EF254 /* LLRefrshTests */ = {
			isa = PBXNativeTarget;
			buildConfigurationList = 6C51AA141D3CC1F3006EF254 /* Build configuration list for PBXNativeTarget "LLRefrshTests" */;
			buildPhases = (
				6C51AA041D3CC1F3006EF254 /* Sources */,
				6C51AA051D3CC1F3006EF254 /* Frameworks */,
				6C51AA061D3CC1F3006EF254 /* Resources */,
			);
			buildRules = (
			);
			dependencies = (
				6C51AA0A1D3CC1F3006EF254 /* PBXTargetDependency */,
			);
			name = LLRefrshTests;
			productName = LLRefrshTests;
			productReference = 6C51AA081D3CC1F3006EF254 /* LLRefrshTests.xctest */;
			productType = "com.apple.product-type.bundle.unit-test";
		};
/* End PBXNativeTarget section */

/* Begin PBXProject section */
		6C51A9EC1D3CC1F3006EF254 /* Project object */ = {
			isa = PBXProject;
			attributes = {
				LastSwiftUpdateCheck = 0730;
				LastUpgradeCheck = 0730;
				ORGANIZATIONNAME = com.wildcat;
				TargetAttributes = {
					6C51A9F31D3CC1F3006EF254 = {
						CreatedOnToolsVersion = 7.3;
						DevelopmentTeam = PZ5UX8X283;
						LastSwiftMigration = 0810;
					};
					6C51AA071D3CC1F3006EF254 = {
						CreatedOnToolsVersion = 7.3;
						LastSwiftMigration = 0810;
						TestTargetID = 6C51A9F31D3CC1F3006EF254;
					};
				};
			};
			buildConfigurationList = 6C51A9EF1D3CC1F3006EF254 /* Build configuration list for PBXProject "LLRefrsh" */;
			compatibilityVersion = "Xcode 3.2";
			developmentRegion = English;
			hasScannedForEncodings = 0;
			knownRegions = (
				en,
				Base,
			);
			mainGroup = 6C51A9EB1D3CC1F3006EF254;
			productRefGroup = 6C51A9F51D3CC1F3006EF254 /* Products */;
			projectDirPath = "";
			projectRoot = "";
			targets = (
				6C51A9F31D3CC1F3006EF254 /* LLRefrsh */,
				6C51AA071D3CC1F3006EF254 /* LLRefrshTests */,
			);
		};
/* End PBXProject section */

/* Begin PBXResourcesBuildPhase section */
		6C51A9F21D3CC1F3006EF254 /* Resources */ = {
			isa = PBXResourcesBuildPhase;
			buildActionMask = 2147483647;
			files = (
				6C51AA021D3CC1F3006EF254 /* LaunchScreen.storyboard in Resources */,
				6C51A9FF1D3CC1F3006EF254 /* Assets.xcassets in Resources */,
				6C51A9FD1D3CC1F3006EF254 /* Main.storyboard in Resources */,
			);
			runOnlyForDeploymentPostprocessing = 0;
		};
		6C51AA061D3CC1F3006EF254 /* Resources */ = {
			isa = PBXResourcesBuildPhase;
			buildActionMask = 2147483647;
			files = (
			);
			runOnlyForDeploymentPostprocessing = 0;
		};
/* End PBXResourcesBuildPhase section */

/* Begin PBXSourcesBuildPhase section */
		6C51A9F01D3CC1F3006EF254 /* Sources */ = {
			isa = PBXSourcesBuildPhase;
			buildActionMask = 2147483647;
			files = (
				6C66921E1DF15D5B008E2988 /* UIScrollView+LLExtension.swift in Sources */,
				6C51A9FA1D3CC1F3006EF254 /* ViewController.swift in Sources */,
				6C6692191DF15C90008E2988 /* LLRefreshHeader.swift in Sources */,
				6C51A9F81D3CC1F3006EF254 /* AppDelegate.swift in Sources */,
				6C6692201DF15D96008E2988 /* LLBaseRefreshHeader.swift in Sources */,
				6C6692261DF18683008E2988 /* LLRefreshStateHeader.swift in Sources */,
				6C66921C1DF15D09008E2988 /* UIView+LLExtension.swift in Sources */,
			);
			runOnlyForDeploymentPostprocessing = 0;
		};
		6C51AA041D3CC1F3006EF254 /* Sources */ = {
			isa = PBXSourcesBuildPhase;
			buildActionMask = 2147483647;
			files = (
				6C51AA0D1D3CC1F3006EF254 /* LLRefrshTests.swift in Sources */,
			);
			runOnlyForDeploymentPostprocessing = 0;
		};
/* End PBXSourcesBuildPhase section */

/* Begin PBXTargetDependency section */
		6C51AA0A1D3CC1F3006EF254 /* PBXTargetDependency */ = {
			isa = PBXTargetDependency;
			target = 6C51A9F31D3CC1F3006EF254 /* LLRefrsh */;
			targetProxy = 6C51AA091D3CC1F3006EF254 /* PBXContainerItemProxy */;
		};
/* End PBXTargetDependency section */

/* Begin PBXVariantGroup section */
		6C51A9FB1D3CC1F3006EF254 /* Main.storyboard */ = {
			isa = PBXVariantGroup;
			children = (
				6C51A9FC1D3CC1F3006EF254 /* Base */,
			);
			name = Main.storyboard;
			sourceTree = "<group>";
		};
		6C51AA001D3CC1F3006EF254 /* LaunchScreen.storyboard */ = {
			isa = PBXVariantGroup;
			children = (
				6C51AA011D3CC1F3006EF254 /* Base */,
			);
			name = LaunchScreen.storyboard;
			sourceTree = "<group>";
		};
/* End PBXVariantGroup section */

/* Begin XCBuildConfiguration section */
		6C51AA0F1D3CC1F3006EF254 /* Debug */ = {
			isa = XCBuildConfiguration;
			buildSettings = {
				ALWAYS_SEARCH_USER_PATHS = NO;
				CLANG_ANALYZER_NONNULL = YES;
				CLANG_CXX_LANGUAGE_STANDARD = "gnu++0x";
				CLANG_CXX_LIBRARY = "libc++";
				CLANG_ENABLE_MODULES = YES;
				CLANG_ENABLE_OBJC_ARC = YES;
				CLANG_WARN_BOOL_CONVERSION = YES;
				CLANG_WARN_CONSTANT_CONVERSION = YES;
				CLANG_WARN_DIRECT_OBJC_ISA_USAGE = YES_ERROR;
				CLANG_WARN_EMPTY_BODY = YES;
				CLANG_WARN_ENUM_CONVERSION = YES;
				CLANG_WARN_INT_CONVERSION = YES;
				CLANG_WARN_OBJC_ROOT_CLASS = YES_ERROR;
				CLANG_WARN_UNREACHABLE_CODE = YES;
				CLANG_WARN__DUPLICATE_METHOD_MATCH = YES;
				"CODE_SIGN_IDENTITY[sdk=iphoneos*]" = "iPhone Developer";
				COPY_PHASE_STRIP = NO;
				DEBUG_INFORMATION_FORMAT = dwarf;
				ENABLE_STRICT_OBJC_MSGSEND = YES;
				ENABLE_TESTABILITY = YES;
				GCC_C_LANGUAGE_STANDARD = gnu99;
				GCC_DYNAMIC_NO_PIC = NO;
				GCC_NO_COMMON_BLOCKS = YES;
				GCC_OPTIMIZATION_LEVEL = 0;
				GCC_PREPROCESSOR_DEFINITIONS = (
					"DEBUG=1",
					"$(inherited)",
				);
				GCC_WARN_64_TO_32_BIT_CONVERSION = YES;
				GCC_WARN_ABOUT_RETURN_TYPE = YES_ERROR;
				GCC_WARN_UNDECLARED_SELECTOR = YES;
				GCC_WARN_UNINITIALIZED_AUTOS = YES_AGGRESSIVE;
				GCC_WARN_UNUSED_FUNCTION = YES;
				GCC_WARN_UNUSED_VARIABLE = YES;
				IPHONEOS_DEPLOYMENT_TARGET = 9.3;
				MTL_ENABLE_DEBUG_INFO = YES;
				ONLY_ACTIVE_ARCH = YES;
				SDKROOT = iphoneos;
				SWIFT_OPTIMIZATION_LEVEL = "-Onone";
			};
			name = Debug;
		};
		6C51AA101D3CC1F3006EF254 /* Release */ = {
			isa = XCBuildConfiguration;
			buildSettings = {
				ALWAYS_SEARCH_USER_PATHS = NO;
				CLANG_ANALYZER_NONNULL = YES;
				CLANG_CXX_LANGUAGE_STANDARD = "gnu++0x";
				CLANG_CXX_LIBRARY = "libc++";
				CLANG_ENABLE_MODULES = YES;
				CLANG_ENABLE_OBJC_ARC = YES;
				CLANG_WARN_BOOL_CONVERSION = YES;
				CLANG_WARN_CONSTANT_CONVERSION = YES;
				CLANG_WARN_DIRECT_OBJC_ISA_USAGE = YES_ERROR;
				CLANG_WARN_EMPTY_BODY = YES;
				CLANG_WARN_ENUM_CONVERSION = YES;
				CLANG_WARN_INT_CONVERSION = YES;
				CLANG_WARN_OBJC_ROOT_CLASS = YES_ERROR;
				CLANG_WARN_UNREACHABLE_CODE = YES;
				CLANG_WARN__DUPLICATE_METHOD_MATCH = YES;
				"CODE_SIGN_IDENTITY[sdk=iphoneos*]" = "iPhone Developer";
				COPY_PHASE_STRIP = NO;
				DEBUG_INFORMATION_FORMAT = "dwarf-with-dsym";
				ENABLE_NS_ASSERTIONS = NO;
				ENABLE_STRICT_OBJC_MSGSEND = YES;
				GCC_C_LANGUAGE_STANDARD = gnu99;
				GCC_NO_COMMON_BLOCKS = YES;
				GCC_WARN_64_TO_32_BIT_CONVERSION = YES;
				GCC_WARN_ABOUT_RETURN_TYPE = YES_ERROR;
				GCC_WARN_UNDECLARED_SELECTOR = YES;
				GCC_WARN_UNINITIALIZED_AUTOS = YES_AGGRESSIVE;
				GCC_WARN_UNUSED_FUNCTION = YES;
				GCC_WARN_UNUSED_VARIABLE = YES;
				IPHONEOS_DEPLOYMENT_TARGET = 9.3;
				MTL_ENABLE_DEBUG_INFO = NO;
				SDKROOT = iphoneos;
				VALIDATE_PRODUCT = YES;
			};
			name = Release;
		};
		6C51AA121D3CC1F3006EF254 /* Debug */ = {
			isa = XCBuildConfiguration;
			buildSettings = {
				ASSETCATALOG_COMPILER_APPICON_NAME = AppIcon;
				DEVELOPMENT_TEAM = PZ5UX8X283;
				INFOPLIST_FILE = LLRefrsh/Info.plist;
				LD_RUNPATH_SEARCH_PATHS = "$(inherited) @executable_path/Frameworks";
				PRODUCT_BUNDLE_IDENTIFIER = com.wildcat.LLRefrsh;
				PRODUCT_NAME = "$(TARGET_NAME)";
				SWIFT_VERSION = 2.3;
			};
			name = Debug;
		};
		6C51AA131D3CC1F3006EF254 /* Release */ = {
			isa = XCBuildConfiguration;
			buildSettings = {
				ASSETCATALOG_COMPILER_APPICON_NAME = AppIcon;
				DEVELOPMENT_TEAM = PZ5UX8X283;
				INFOPLIST_FILE = LLRefrsh/Info.plist;
				LD_RUNPATH_SEARCH_PATHS = "$(inherited) @executable_path/Frameworks";
				PRODUCT_BUNDLE_IDENTIFIER = com.wildcat.LLRefrsh;
				PRODUCT_NAME = "$(TARGET_NAME)";
				SWIFT_VERSION = 2.3;
			};
			name = Release;
		};
		6C51AA151D3CC1F3006EF254 /* Debug */ = {
			isa = XCBuildConfiguration;
			buildSettings = {
				BUNDLE_LOADER = "$(TEST_HOST)";
				INFOPLIST_FILE = LLRefrshTests/Info.plist;
				LD_RUNPATH_SEARCH_PATHS = "$(inherited) @executable_path/Frameworks @loader_path/Frameworks";
				PRODUCT_BUNDLE_IDENTIFIER = com.wildcat.LLRefrshTests;
				PRODUCT_NAME = "$(TARGET_NAME)";
				SWIFT_VERSION = 2.3;
				TEST_HOST = "$(BUILT_PRODUCTS_DIR)/LLRefrsh.app/LLRefrsh";
			};
			name = Debug;
		};
		6C51AA161D3CC1F3006EF254 /* Release */ = {
			isa = XCBuildConfiguration;
			buildSettings = {
				BUNDLE_LOADER = "$(TEST_HOST)";
				INFOPLIST_FILE = LLRefrshTests/Info.plist;
				LD_RUNPATH_SEARCH_PATHS = "$(inherited) @executable_path/Frameworks @loader_path/Frameworks";
				PRODUCT_BUNDLE_IDENTIFIER = com.wildcat.LLRefrshTests;
				PRODUCT_NAME = "$(TARGET_NAME)";
				SWIFT_VERSION = 2.3;
				TEST_HOST = "$(BUILT_PRODUCTS_DIR)/LLRefrsh.app/LLRefrsh";
			};
			name = Release;
		};
/* End XCBuildConfiguration section */

/* Begin XCConfigurationList section */
		6C51A9EF1D3CC1F3006EF254 /* Build configuration list for PBXProject "LLRefrsh" */ = {
			isa = XCConfigurationList;
			buildConfigurations = (
				6C51AA0F1D3CC1F3006EF254 /* Debug */,
				6C51AA101D3CC1F3006EF254 /* Release */,
			);
			defaultConfigurationIsVisible = 0;
			defaultConfigurationName = Release;
		};
		6C51AA111D3CC1F3006EF254 /* Build configuration list for PBXNativeTarget "LLRefrsh" */ = {
			isa = XCConfigurationList;
			buildConfigurations = (
				6C51AA121D3CC1F3006EF254 /* Debug */,
				6C51AA131D3CC1F3006EF254 /* Release */,
			);
			defaultConfigurationIsVisible = 0;
			defaultConfigurationName = Release;
		};
		6C51AA141D3CC1F3006EF254 /* Build configuration list for PBXNativeTarget "LLRefrshTests" */ = {
			isa = XCConfigurationList;
			buildConfigurations = (
				6C51AA151D3CC1F3006EF254 /* Debug */,
				6C51AA161D3CC1F3006EF254 /* Release */,
			);
			defaultConfigurationIsVisible = 0;
			defaultConfigurationName = Release;
		};
/* End XCConfigurationList section */
	};
	rootObject = 6C51A9EC1D3CC1F3006EF254 /* Project object */;
}
